
Microsoft Visual Studio Solution File, Format Version 12.00
# Visual Studio 15
VisualStudioVersion = 15.0.27130.2010
MinimumVisualStudioVersion = 10.0.40219.1
Project("{FAE04EC0-301F-11D3-BF4B-00C04F79EFBC}") = "Lesson1", "Lesson1\Lesson1.csproj", "{FD84C9C2-0ED5-49A1-A13F-F90E44E8AD7B}"
EndProject
Global
	GlobalSection(SolutionConfigurationPlatforms) = preSolution
		Debug|Any CPU = Debug|Any CPU
		Release|Any CPU = Release|Any CPU
	EndGlobalSection
	GlobalSection(ProjectConfigurationPlatforms) = postSolution
		{FD84C9C2-0ED5-49A1-A13F-F90E44E8AD7B}.Debug|Any CPU.ActiveCfg = Debug|Any CPU
		{FD84C9C2-0ED5-49A1-A13F-F90E44E8AD7B}.Debug|Any CPU.Build.0 = Debug|Any CPU
		{FD84C9C2-0ED5-49A1-A13F-F90E44E8AD7B}.Release|Any CPU.ActiveCfg = Release|Any CPU
		{FD84C9C2-0ED5-49A1-A13F-F90E44E8AD7B}.Release|Any CPU.Build.0 = Release|Any CPU
	EndGlobalSection
	GlobalSection(SolutionProperties) = preSolution
		HideSolutionNode = FALSE
	EndGlobalSection
	GlobalSection(ExtensibilityGlobals) = postSolution
		SolutionGuid = {6D656E4D-943A-496D-94DA-1B2BF82A9595}
	EndGlobalSection
EndGlobal
